
Microsoft Visual Studio Solution File, Format Version 12.00
# Visual Studio Version 17
VisualStudioVersion = 17.5.33414.496
MinimumVisualStudioVersion = 10.0.40219.1
Project("{9A19103F-16F7-4668-BE54-9A1E7A4F7556}") = "AccountManagementApp.API", "API\AccountManagementApp.API\AccountManagementApp.API.csproj", "{A5DE4A48-1473-4500-90FA-5B7A7140F3A3}"
EndProject
Project("{9A19103F-16F7-4668-BE54-9A1E7A4F7556}") = "AccountManagementApp.Model", "Core\AccountManagementApp.Model\AccountManagementApp.Model.csproj", "{4940B86A-5A15-45D4-8EAC-BBFD4ECA5277}"
EndProject
Project("{9A19103F-16F7-4668-BE54-9A1E7A4F7556}") = "AccountManagementApp.Data", "Infrastructure\AccountManagementApp.Data\AccountManagementApp.Data.csproj", "{8D8C35BF-1D7C-48F5-B488-A4C8D89BFDAA}"
EndProject
Project("{9A19103F-16F7-4668-BE54-9A1E7A4F7556}") = "AccountManagementApp.Domain", "Core\AccountManagementApp.Domain\AccountManagementApp.Domain.csproj", "{B6118BFB-7DFC-4373-A5FB-7078D0413C3A}"
EndProject
Project("{2150E333-8FDC-42A3-9474-1A3956D46DE8}") = "API", "API", "{B470BAB3-9FCC-459F-95C8-C36ECD3E78EB}"
EndProject
Project("{2150E333-8FDC-42A3-9474-1A3956D46DE8}") = "Core", "Core", "{5ABDCDFF-E06F-43CE-A625-5F46386C824D}"
EndProject
Project("{2150E333-8FDC-42A3-9474-1A3956D46DE8}") = "Infrastructure", "Infrastructure", "{FAE4D364-4752-4829-BC70-0264F36BA8D4}"
EndProject
Project("{9A19103F-16F7-4668-BE54-9A1E7A4F7556}") = "AccountManagementApp.FileDataRetriever", "Core\AccountManagementApp.FileDataRetriever\AccountManagementApp.FileDataRetriever.csproj", "{47B6E93B-568C-4113-ADA0-634BA3623060}"
EndProject
Global
	GlobalSection(SolutionConfigurationPlatforms) = preSolution
		Debug|Any CPU = Debug|Any CPU
		Release|Any CPU = Release|Any CPU
	EndGlobalSection
	GlobalSection(ProjectConfigurationPlatforms) = postSolution
		{A5DE4A48-1473-4500-90FA-5B7A7140F3A3}.Debug|Any CPU.ActiveCfg = Debug|Any CPU
		{A5DE4A48-1473-4500-90FA-5B7A7140F3A3}.Debug|Any CPU.Build.0 = Debug|Any CPU
		{A5DE4A48-1473-4500-90FA-5B7A7140F3A3}.Release|Any CPU.ActiveCfg = Release|Any CPU
		{A5DE4A48-1473-4500-90FA-5B7A7140F3A3}.Release|Any CPU.Build.0 = Release|Any CPU
		{4940B86A-5A15-45D4-8EAC-BBFD4ECA5277}.Debug|Any CPU.ActiveCfg = Debug|Any CPU
		{4940B86A-5A15-45D4-8EAC-BBFD4ECA5277}.Debug|Any CPU.Build.0 = Debug|Any CPU
		{4940B86A-5A15-45D4-8EAC-BBFD4ECA5277}.Release|Any CPU.ActiveCfg = Release|Any CPU
		{4940B86A-5A15-45D4-8EAC-BBFD4ECA5277}.Release|Any CPU.Build.0 = Release|Any CPU
		{8D8C35BF-1D7C-48F5-B488-A4C8D89BFDAA}.Debug|Any CPU.ActiveCfg = Debug|Any CPU
		{8D8C35BF-1D7C-48F5-B488-A4C8D89BFDAA}.Debug|Any CPU.Build.0 = Debug|Any CPU
		{8D8C35BF-1D7C-48F5-B488-A4C8D89BFDAA}.Release|Any CPU.ActiveCfg = Release|Any CPU
		{8D8C35BF-1D7C-48F5-B488-A4C8D89BFDAA}.Release|Any CPU.Build.0 = Release|Any CPU
		{B6118BFB-7DFC-4373-A5FB-7078D0413C3A}.Debug|Any CPU.ActiveCfg = Debug|Any CPU
		{B6118BFB-7DFC-4373-A5FB-7078D0413C3A}.Debug|Any CPU.Build.0 = Debug|Any CPU
		{B6118BFB-7DFC-4373-A5FB-7078D0413C3A}.Release|Any CPU.ActiveCfg = Release|Any CPU
		{B6118BFB-7DFC-4373-A5FB-7078D0413C3A}.Release|Any CPU.Build.0 = Release|Any CPU
		{47B6E93B-568C-4113-ADA0-634BA3623060}.Debug|Any CPU.ActiveCfg = Debug|Any CPU
		{47B6E93B-568C-4113-ADA0-634BA3623060}.Debug|Any CPU.Build.0 = Debug|Any CPU
		{47B6E93B-568C-4113-ADA0-634BA3623060}.Release|Any CPU.ActiveCfg = Release|Any CPU
		{47B6E93B-568C-4113-ADA0-634BA3623060}.Release|Any CPU.Build.0 = Release|Any CPU
	EndGlobalSection
	GlobalSection(SolutionProperties) = preSolution
		HideSolutionNode = FALSE
	EndGlobalSection
	GlobalSection(NestedProjects) = preSolution
		{A5DE4A48-1473-4500-90FA-5B7A7140F3A3} = {B470BAB3-9FCC-459F-95C8-C36ECD3E78EB}
		{4940B86A-5A15-45D4-8EAC-BBFD4ECA5277} = {5ABDCDFF-E06F-43CE-A625-5F46386C824D}
		{8D8C35BF-1D7C-48F5-B488-A4C8D89BFDAA} = {FAE4D364-4752-4829-BC70-0264F36BA8D4}
		{B6118BFB-7DFC-4373-A5FB-7078D0413C3A} = {5ABDCDFF-E06F-43CE-A625-5F46386C824D}
		{47B6E93B-568C-4113-ADA0-634BA3623060} = {5ABDCDFF-E06F-43CE-A625-5F46386C824D}
	EndGlobalSection
	GlobalSection(ExtensibilityGlobals) = postSolution
		SolutionGuid = {3C8A4EDE-CFA4-4D2E-AC61-A1C0921068A4}
	EndGlobalSection
EndGlobal
